// !$*UTF8*$!
{
	archiveVersion = 1;
	classes = {
	};
	objectVersion = 46;
	objects = {

/* Begin PBXBuildFile section */
		5232E4721D17C0B3006BE400 /* AppDelegate.swift in Sources */ = {isa = PBXBuildFile; fileRef = 5232E4711D17C0B3006BE400 /* AppDelegate.swift */; };
		5232E4741D17C0B3006BE400 /* ViewController.swift in Sources */ = {isa = PBXBuildFile; fileRef = 5232E4731D17C0B3006BE400 /* ViewController.swift */; };
		5232E4771D17C0B3006BE400 /* Main.storyboard in Resources */ = {isa = PBXBuildFile; fileRef = 5232E4751D17C0B3006BE400 /* Main.storyboard */; };
		5232E4791D17C0B3006BE400 /* Assets.xcassets in Resources */ = {isa = PBXBuildFile; fileRef = 5232E4781D17C0B3006BE400 /* Assets.xcassets */; };
		5232E47C1D17C0B3006BE400 /* LaunchScreen.storyboard in Resources */ = {isa = PBXBuildFile; fileRef = 5232E47A1D17C0B3006BE400 /* LaunchScreen.storyboard */; };
/* End PBXBuildFile section */

/* Begin PBXFileReference section */
		5232E46E1D17C0B3006BE400 /* gitTest.app */ = {isa = PBXFileReference; explicitFileType = wrapper.application; includeInIndex = 0; path = gitTest.app; sourceTree = BUILT_PRODUCTS_DIR; };
		5232E4711D17C0B3006BE400 /* AppDelegate.swift */ = {isa = PBXFileReference; lastKnownFileType = sourcecode.swift; path = AppDelegate.swift; sourceTree = "<group>"; };
		5232E4731D17C0B3006BE400 /* ViewController.swift */ = {isa = PBXFileReference; lastKnownFileType = sourcecode.swift; path = ViewController.swift; sourceTree = "<group>"; };
		5232E4761D17C0B3006BE400 /* Base */ = {isa = PBXFileReference; lastKnownFileType = file.storyboard; name = Base; path = Base.lproj/Main.storyboard; sourceTree = "<group>"; };
		5232E4781D17C0B3006BE400 /* Assets.xcassets */ = {isa = PBXFileReference; lastKnownFileType = folder.assetcatalog; path = Assets.xcassets; sourceTree = "<group>"; };
		5232E47B1D17C0B3006BE400 /* Base */ = {isa = PBXFileReference; lastKnownFileType = file.storyboard; name = Base; path = Base.lproj/LaunchScreen.storyboard; sourceTree = "<group>"; };
		5232E47D1D17C0B3006BE400 /* Info.plist */ = {isa = PBXFileReference; lastKnownFileType = text.plist.xml; path = Info.plist; sourceTree = "<group>"; };
/* End PBXFileReference section */

/* Begin PBXFrameworksBuildPhase section */
		5232E46B1D17C0B3006BE400 /* Frameworks */ = {
			isa = PBXFrameworksBuildPhase;
			buildActionMask = 2147483647;
			files = (
			);
			runOnlyForDeploymentPostprocessing = 0;
		};
/* End PBXFrameworksBuildPhase section */

/* Begin PBXGroup section */
		5232E4651D17C0B3006BE400 = {
			isa = PBXGroup;
			children = (
				5232E4701D17C0B3006BE400 /* gitTest */,
				5232E46F1D17C0B3006BE400 /* Products */,
			);
			sourceTree = "<group>";
		};
		5232E46F1D17C0B3006BE400 /* Products */ = {
			isa = PBXGroup;
			children = (
				5232E46E1D17C0B3006BE400 /* gitTest.app */,
			);
			name = Products;
			sourceTree = "<group>";
		};
		5232E4701D17C0B3006BE400 /* gitTest */ = {
			isa = PBXGroup;
			children = (
				5232E4711D17C0B3006BE400 /* AppDelegate.swift */,
				5232E4731D17C0B3006BE400 /* ViewController.swift */,
				5232E4751D17C0B3006BE400 /* Main.storyboard */,
				5232E4781D17C0B3006BE400 /* Assets.xcassets */,
				5232E47A1D17C0B3006BE400 /* LaunchScreen.storyboard */,
				5232E47D1D17C0B3006BE400 /* Info.plist */,
			);
			path = gitTest;
			sourceTree = "<group>";
		};
/* End PBXGroup section */

/* Begin PBXNativeTarget section */
		5232E46D1D17C0B3006BE400 /* gitTest */ = {
			isa = PBXNativeTarget;
			buildConfigurationList = 5232E4801D17C0B3006BE400 /* Build configuration list for PBXNativeTarget "gitTest" */;
			buildPhases = (
				5232E46A1D17C0B3006BE400 /* Sources */,
				5232E46B1D17C0B3006BE400 /* Frameworks */,
				5232E46C1D17C0B3006BE400 /* Resources */,
			);
			buildRules = (
			);
			dependencies = (
			);
			name = gitTest;
			productName = gitTest;
			productReference = 5232E46E1D17C0B3006BE400 /* gitTest.app */;
			productType = "com.apple.product-type.application";
		};
/* End PBXNativeTarget section */

/* Begin PBXProject section */
		5232E4661D17C0B3006BE400 /* Project object */ = {
			isa = PBXProject;
			attributes = {
				LastSwiftUpdateCheck = 0730;
				LastUpgradeCheck = 0730;
				ORGANIZATIONNAME = "Michel Vilarino";
				TargetAttributes = {
					5232E46D1D17C0B3006BE400 = {
						CreatedOnToolsVersion = 7.3.1;
					};
				};
			};
			buildConfigurationList = 5232E4691D17C0B3006BE400 /* Build configuration list for PBXProject "gitTest" */;
			compatibilityVersion = "Xcode 3.2";
			developmentRegion = English;
			hasScannedForEncodings = 0;
			knownRegions = (
				en,
				Base,
			);
			mainGroup = 5232E4651D17C0B3006BE400;
			productRefGroup = 5232E46F1D17C0B3006BE400 /* Products */;
			projectDirPath = "";
			projectRoot = "";
			targets = (
				5232E46D1D17C0B3006BE400 /* gitTest */,
			);
		};
/* End PBXProject section */

/* Begin PBXResourcesBuildPhase section */
		5232E46C1D17C0B3006BE400 /* Resources */ = {
			isa = PBXResourcesBuildPhase;
			buildActionMask = 2147483647;
			files = (
				5232E47C1D17C0B3006BE400 /* LaunchScreen.storyboard in Resources */,
				5232E4791D17C0B3006BE400 /* Assets.xcassets in Resources */,
				5232E4771D17C0B3006BE400 /* Main.storyboard in Resources */,
			);
			runOnlyForDeploymentPostprocessing = 0;
		};
/* End PBXResourcesBuildPhase section */

/* Begin PBXSourcesBuildPhase section */
		5232E46A1D17C0B3006BE400 /* Sources */ = {
			isa = PBXSourcesBuildPhase;
			buildActionMask = 2147483647;
			files = (
				5232E4741D17C0B3006BE400 /* ViewController.swift in Sources */,
				5232E4721D17C0B3006BE400 /* AppDelegate.swift in Sources */,
			);
			runOnlyForDeploymentPostprocessing = 0;
		};
/* End PBXSourcesBuildPhase section */

/* Begin PBXVariantGroup section */
		5232E4751D17C0B3006BE400 /* Main.storyboard */ = {
			isa = PBXVariantGroup;
			children = (
				5232E4761D17C0B3006BE400 /* Base */,
			);
			name = Main.storyboard;
			sourceTree = "<group>";
		};
		5232E47A1D17C0B3006BE400 /* LaunchScreen.storyboard */ = {
			isa = PBXVariantGroup;
			children = (
				5232E47B1D17C0B3006BE400 /* Base */,
			);
			name = LaunchScreen.storyboard;
			sourceTree = "<group>";
		};
/* End PBXVariantGroup section */

/* Begin XCBuildConfiguration section */
		5232E47E1D17C0B3006BE400 /* Debug */ = {
			isa = XCBuildConfiguration;
			buildSettings = {
				ALWAYS_SEARCH_USER_PATHS = NO;
				CLANG_ANALYZER_NONNULL = YES;
				CLANG_CXX_LANGUAGE_STANDARD = "gnu++0x";
				CLANG_CXX_LIBRARY = "libc++";
				CLANG_ENABLE_MODULES = YES;
				CLANG_ENABLE_OBJC_ARC = YES;
				CLANG_WARN_BOOL_CONVERSION = YES;
				CLANG_WARN_CONSTANT_CONVERSION = YES;
				CLANG_WARN_DIRECT_OBJC_ISA_USAGE = YES_ERROR;
				CLANG_WARN_EMPTY_BODY = YES;
				CLANG_WARN_ENUM_CONVERSION = YES;
				CLANG_WARN_INT_CONVERSION = YES;
				CLANG_WARN_OBJC_ROOT_CLASS = YES_ERROR;
				CLANG_WARN_UNREACHABLE_CODE = YES;
				CLANG_WARN__DUPLICATE_METHOD_MATCH = YES;
				"CODE_SIGN_IDENTITY[sdk=iphoneos*]" = "iPhone Developer";
				COPY_PHASE_STRIP = NO;
				DEBUG_INFORMATION_FORMAT = dwarf;
				ENABLE_STRICT_OBJC_MSGSEND = YES;
				ENABLE_TESTABILITY = YES;
				GCC_C_LANGUAGE_STANDARD = gnu99;
				GCC_DYNAMIC_NO_PIC = NO;
				GCC_NO_COMMON_BLOCKS = YES;
				GCC_OPTIMIZATION_LEVEL = 0;
				GCC_PREPROCESSOR_DEFINITIONS = (
					"DEBUG=1",
					"$(inherited)",
				);
				GCC_WARN_64_TO_32_BIT_CONVERSION = YES;
				GCC_WARN_ABOUT_RETURN_TYPE = YES_ERROR;
				GCC_WARN_UNDECLARED_SELECTOR = YES;
				GCC_WARN_UNINITIALIZED_AUTOS = YES_AGGRESSIVE;
				GCC_WARN_UNUSED_FUNCTION = YES;
				GCC_WARN_UNUSED_VARIABLE = YES;
				IPHONEOS_DEPLOYMENT_TARGET = 9.3;
				MTL_ENABLE_DEBUG_INFO = YES;
				ONLY_ACTIVE_ARCH = YES;
				SDKROOT = iphoneos;
				SWIFT_OPTIMIZATION_LEVEL = "-Onone";
			};
			name = Debug;
		};
		5232E47F1D17C0B3006BE400 /* Release */ = {
			isa = XCBuildConfiguration;
			buildSettings = {
				ALWAYS_SEARCH_USER_PATHS = NO;
				CLANG_ANALYZER_NONNULL = YES;
				CLANG_CXX_LANGUAGE_STANDARD = "gnu++0x";
				CLANG_CXX_LIBRARY = "libc++";
				CLANG_ENABLE_MODULES = YES;
				CLANG_ENABLE_OBJC_ARC = YES;
				CLANG_WARN_BOOL_CONVERSION = YES;
				CLANG_WARN_CONSTANT_CONVERSION = YES;
				CLANG_WARN_DIRECT_OBJC_ISA_USAGE = YES_ERROR;
				CLANG_WARN_EMPTY_BODY = YES;
				CLANG_WARN_ENUM_CONVERSION = YES;
				CLANG_WARN_INT_CONVERSION = YES;
				CLANG_WARN_OBJC_ROOT_CLASS = YES_ERROR;
				CLANG_WARN_UNREACHABLE_CODE = YES;
				CLANG_WARN__DUPLICATE_METHOD_MATCH = YES;
				"CODE_SIGN_IDENTITY[sdk=iphoneos*]" = "iPhone Developer";
				COPY_PHASE_STRIP = NO;
				DEBUG_INFORMATION_FORMAT = "dwarf-with-dsym";
				ENABLE_NS_ASSERTIONS = NO;
				ENABLE_STRICT_OBJC_MSGSEND = YES;
				GCC_C_LANGUAGE_STANDARD = gnu99;
				GCC_NO_COMMON_BLOCKS = YES;
				GCC_WARN_64_TO_32_BIT_CONVERSION = YES;
				GCC_WARN_ABOUT_RETURN_TYPE = YES_ERROR;
				GCC_WARN_UNDECLARED_SELECTOR = YES;
				GCC_WARN_UNINITIALIZED_AUTOS = YES_AGGRESSIVE;
				GCC_WARN_UNUSED_FUNCTION = YES;
				GCC_WARN_UNUSED_VARIABLE = YES;
				IPHONEOS_DEPLOYMENT_TARGET = 9.3;
				MTL_ENABLE_DEBUG_INFO = NO;
				SDKROOT = iphoneos;
				VALIDATE_PRODUCT = YES;
			};
			name = Release;
		};
		5232E4811D17C0B3006BE400 /* Debug */ = {
			isa = XCBuildConfiguration;
			buildSettings = {
				ASSETCATALOG_COMPILER_APPICON_NAME = AppIcon;
				INFOPLIST_FILE = gitTest/Info.plist;
				LD_RUNPATH_SEARCH_PATHS = "$(inherited) @executable_path/Frameworks";
				PRODUCT_BUNDLE_IDENTIFIER = com.deepnetstudios.gitTest;
				PRODUCT_NAME = "$(TARGET_NAME)";
			};
			name = Debug;
		};
		5232E4821D17C0B3006BE400 /* Release */ = {
			isa = XCBuildConfiguration;
			buildSettings = {
				ASSETCATALOG_COMPILER_APPICON_NAME = AppIcon;
				INFOPLIST_FILE = gitTest/Info.plist;
				LD_RUNPATH_SEARCH_PATHS = "$(inherited) @executable_path/Frameworks";
				PRODUCT_BUNDLE_IDENTIFIER = com.deepnetstudios.gitTest;
				PRODUCT_NAME = "$(TARGET_NAME)";
			};
			name = Release;
		};
/* End XCBuildConfiguration section */

/* Begin XCConfigurationList section */
		5232E4691D17C0B3006BE400 /* Build configuration list for PBXProject "gitTest" */ = {
			isa = XCConfigurationList;
			buildConfigurations = (
				5232E47E1D17C0B3006BE400 /* Debug */,
				5232E47F1D17C0B3006BE400 /* Release */,
			);
			defaultConfigurationIsVisible = 0;
			defaultConfigurationName = Release;
		};
		5232E4801D17C0B3006BE400 /* Build configuration list for PBXNativeTarget "gitTest" */ = {
			isa = XCConfigurationList;
			buildConfigurations = (
				5232E4811D17C0B3006BE400 /* Debug */,
				5232E4821D17C0B3006BE400 /* Release */,
			);
			defaultConfigurationIsVisible = 0;
		};
/* End XCConfigurationList section */
	};
	rootObject = 5232E4661D17C0B3006BE400 /* Project object */;
}
